// !$*UTF8*$!
{
	archiveVersion = 1;
	classes = {
	};
	objectVersion = 46;
	objects = {

/* Begin PBXBuildFile section */
		B0053BA41A56B1AE00B2EB8F /* main.m in Sources */ = {isa = PBXBuildFile; fileRef = B0053BA31A56B1AE00B2EB8F /* main.m */; };
		B0053BAB1A56B41800B2EB8F /* Carbon.framework in Frameworks */ = {isa = PBXBuildFile; fileRef = B0053BAA1A56B41800B2EB8F /* Carbon.framework */; };
/* End PBXBuildFile section */

/* Begin PBXCopyFilesBuildPhase section */
		B0053B9E1A56B1AE00B2EB8F /* CopyFiles */ = {
			isa = PBXCopyFilesBuildPhase;
			buildActionMask = 2147483647;
			dstPath = /usr/share/man/man1/;
			dstSubfolderSpec = 0;
			files = (
			);
			runOnlyForDeploymentPostprocessing = 1;
		};
/* End PBXCopyFilesBuildPhase section */

/* Begin PBXFileReference section */
		B0053BA01A56B1AE00B2EB8F /* xkbswitch */ = {isa = PBXFileReference; explicitFileType = "compiled.mach-o.executable"; includeInIndex = 0; path = xkbswitch; sourceTree = BUILT_PRODUCTS_DIR; };
		B0053BA31A56B1AE00B2EB8F /* main.m */ = {isa = PBXFileReference; lastKnownFileType = sourcecode.c.objc; path = main.m; sourceTree = "<group>"; };
		B0053BAA1A56B41800B2EB8F /* Carbon.framework */ = {isa = PBXFileReference; lastKnownFileType = wrapper.framework; name = Carbon.framework; path = System/Library/Frameworks/Carbon.framework; sourceTree = SDKROOT; };
/* End PBXFileReference section */

/* Begin PBXFrameworksBuildPhase section */
		B0053B9D1A56B1AE00B2EB8F /* Frameworks */ = {
			isa = PBXFrameworksBuildPhase;
			buildActionMask = 2147483647;
			files = (
				B0053BAB1A56B41800B2EB8F /* Carbon.framework in Frameworks */,
			);
			runOnlyForDeploymentPostprocessing = 0;
		};
/* End PBXFrameworksBuildPhase section */

/* Begin PBXGroup section */
		B0053B971A56B1AE00B2EB8F = {
			isa = PBXGroup;
			children = (
				B0053BAA1A56B41800B2EB8F /* Carbon.framework */,
				B0053BA21A56B1AE00B2EB8F /* xkbswitch */,
				B0053BA11A56B1AE00B2EB8F /* Products */,
			);
			sourceTree = "<group>";
		};
		B0053BA11A56B1AE00B2EB8F /* Products */ = {
			isa = PBXGroup;
			children = (
				B0053BA01A56B1AE00B2EB8F /* xkbswitch */,
			);
			name = Products;
			sourceTree = "<group>";
		};
		B0053BA21A56B1AE00B2EB8F /* xkbswitch */ = {
			isa = PBXGroup;
			children = (
				B0053BA31A56B1AE00B2EB8F /* main.m */,
			);
			path = xkbswitch;
			sourceTree = "<group>";
		};
/* End PBXGroup section */

/* Begin PBXNativeTarget section */
		B0053B9F1A56B1AE00B2EB8F /* xkbswitch */ = {
			isa = PBXNativeTarget;
			buildConfigurationList = B0053BA71A56B1AE00B2EB8F /* Build configuration list for PBXNativeTarget "xkbswitch" */;
			buildPhases = (
				B0053B9C1A56B1AE00B2EB8F /* Sources */,
				B0053B9D1A56B1AE00B2EB8F /* Frameworks */,
				B0053B9E1A56B1AE00B2EB8F /* CopyFiles */,
			);
			buildRules = (
			);
			dependencies = (
			);
			name = xkbswitch;
			productName = xkbswitch;
			productReference = B0053BA01A56B1AE00B2EB8F /* xkbswitch */;
			productType = "com.apple.product-type.tool";
		};
/* End PBXNativeTarget section */

/* Begin PBXProject section */
		B0053B981A56B1AE00B2EB8F /* Project object */ = {
			isa = PBXProject;
			attributes = {
				LastUpgradeCheck = 0610;
				ORGANIZATIONNAME = "Alexander Myshov";
				TargetAttributes = {
					B0053B9F1A56B1AE00B2EB8F = {
						CreatedOnToolsVersion = 6.1.1;
					};
				};
			};
			buildConfigurationList = B0053B9B1A56B1AE00B2EB8F /* Build configuration list for PBXProject "xkbswitch" */;
			compatibilityVersion = "Xcode 3.2";
			developmentRegion = English;
			hasScannedForEncodings = 0;
			knownRegions = (
				en,
			);
			mainGroup = B0053B971A56B1AE00B2EB8F;
			productRefGroup = B0053BA11A56B1AE00B2EB8F /* Products */;
			projectDirPath = "";
			projectRoot = "";
			targets = (
				B0053B9F1A56B1AE00B2EB8F /* xkbswitch */,
			);
		};
/* End PBXProject section */

/* Begin PBXSourcesBuildPhase section */
		B0053B9C1A56B1AE00B2EB8F /* Sources */ = {
			isa = PBXSourcesBuildPhase;
			buildActionMask = 2147483647;
			files = (
				B0053BA41A56B1AE00B2EB8F /* main.m in Sources */,
			);
			runOnlyForDeploymentPostprocessing = 0;
		};
/* End PBXSourcesBuildPhase section */

/* Begin XCBuildConfiguration section */
		B0053BA51A56B1AE00B2EB8F /* Debug */ = {
			isa = XCBuildConfiguration;
			buildSettings = {
				ALWAYS_SEARCH_USER_PATHS = NO;
				CLANG_CXX_LANGUAGE_STANDARD = "gnu++0x";
				CLANG_CXX_LIBRARY = "libc++";
				CLANG_ENABLE_MODULES = YES;
				CLANG_ENABLE_OBJC_ARC = YES;
				CLANG_WARN_BOOL_CONVERSION = YES;
				CLANG_WARN_CONSTANT_CONVERSION = YES;
				CLANG_WARN_DIRECT_OBJC_ISA_USAGE = YES_ERROR;
				CLANG_WARN_EMPTY_BODY = YES;
				CLANG_WARN_ENUM_CONVERSION = YES;
				CLANG_WARN_INT_CONVERSION = YES;
				CLANG_WARN_OBJC_ROOT_CLASS = YES_ERROR;
				CLANG_WARN_UNREACHABLE_CODE = YES;
				CLANG_WARN__DUPLICATE_METHOD_MATCH = YES;
				COPY_PHASE_STRIP = NO;
				ENABLE_STRICT_OBJC_MSGSEND = YES;
				GCC_C_LANGUAGE_STANDARD = gnu99;
				GCC_DYNAMIC_NO_PIC = NO;
				GCC_OPTIMIZATION_LEVEL = 0;
				GCC_PREPROCESSOR_DEFINITIONS = (
					"DEBUG=1",
					"$(inherited)",
				);
				GCC_SYMBOLS_PRIVATE_EXTERN = NO;
				GCC_WARN_64_TO_32_BIT_CONVERSION = YES;
				GCC_WARN_ABOUT_RETURN_TYPE = YES_ERROR;
				GCC_WARN_UNDECLARED_SELECTOR = YES;
				GCC_WARN_UNINITIALIZED_AUTOS = YES_AGGRESSIVE;
				GCC_WARN_UNUSED_FUNCTION = YES;
				GCC_WARN_UNUSED_VARIABLE = YES;
				MACOSX_DEPLOYMENT_TARGET = 10.9;
				MTL_ENABLE_DEBUG_INFO = YES;
				ONLY_ACTIVE_ARCH = YES;
				SDKROOT = macosx;
			};
			name = Debug;
		};
		B0053BA61A56B1AE00B2EB8F /* Release */ = {
			isa = XCBuildConfiguration;
			buildSettings = {
				ALWAYS_SEARCH_USER_PATHS = NO;
				CLANG_CXX_LANGUAGE_STANDARD = "gnu++0x";
				CLANG_CXX_LIBRARY = "libc++";
				CLANG_ENABLE_MODULES = YES;
				CLANG_ENABLE_OBJC_ARC = YES;
				CLANG_WARN_BOOL_CONVERSION = YES;
				CLANG_WARN_CONSTANT_CONVERSION = YES;
				CLANG_WARN_DIRECT_OBJC_ISA_USAGE = YES_ERROR;
				CLANG_WARN_EMPTY_BODY = YES;
				CLANG_WARN_ENUM_CONVERSION = YES;
				CLANG_WARN_INT_CONVERSION = YES;
				CLANG_WARN_OBJC_ROOT_CLASS = YES_ERROR;
				CLANG_WARN_UNREACHABLE_CODE = YES;
				CLANG_WARN__DUPLICATE_METHOD_MATCH = YES;
				COPY_PHASE_STRIP = YES;
				DEBUG_INFORMATION_FORMAT = "dwarf-with-dsym";
				ENABLE_NS_ASSERTIONS = NO;
				ENABLE_STRICT_OBJC_MSGSEND = YES;
				GCC_C_LANGUAGE_STANDARD = gnu99;
				GCC_WARN_64_TO_32_BIT_CONVERSION = YES;
				GCC_WARN_ABOUT_RETURN_TYPE = YES_ERROR;
				GCC_WARN_UNDECLARED_SELECTOR = YES;
				GCC_WARN_UNINITIALIZED_AUTOS = YES_AGGRESSIVE;
				GCC_WARN_UNUSED_FUNCTION = YES;
				GCC_WARN_UNUSED_VARIABLE = YES;
				MACOSX_DEPLOYMENT_TARGET = 10.9;
				MTL_ENABLE_DEBUG_INFO = NO;
				SDKROOT = macosx;
			};
			name = Release;
		};
		B0053BA81A56B1AE00B2EB8F /* Debug */ = {
			isa = XCBuildConfiguration;
			buildSettings = {
				ONLY_ACTIVE_ARCH = YES;
				PRODUCT_NAME = "$(TARGET_NAME)";
			};
			name = Debug;
		};
		B0053BA91A56B1AE00B2EB8F /* Release */ = {
			isa = XCBuildConfiguration;
			buildSettings = {
				ONLY_ACTIVE_ARCH = NO;
				PRODUCT_NAME = "$(TARGET_NAME)";
			};
			name = Release;
		};
/* End XCBuildConfiguration section */

/* Begin XCConfigurationList section */
		B0053B9B1A56B1AE00B2EB8F /* Build configuration list for PBXProject "xkbswitch" */ = {
			isa = XCConfigurationList;
			buildConfigurations = (
				B0053BA51A56B1AE00B2EB8F /* Debug */,
				B0053BA61A56B1AE00B2EB8F /* Release */,
			);
			defaultConfigurationIsVisible = 0;
			defaultConfigurationName = Release;
		};
		B0053BA71A56B1AE00B2EB8F /* Build configuration list for PBXNativeTarget "xkbswitch" */ = {
			isa = XCConfigurationList;
			buildConfigurations = (
				B0053BA81A56B1AE00B2EB8F /* Debug */,
				B0053BA91A56B1AE00B2EB8F /* Release */,
			);
			defaultConfigurationIsVisible = 0;
			defaultConfigurationName = Release;
		};
/* End XCConfigurationList section */
	};
	rootObject = B0053B981A56B1AE00B2EB8F /* Project object */;
}
